
Microsoft Visual Studio Solution File, Format Version 12.00
# Visual Studio Version 17
VisualStudioVersion = 17.0.31903.59
MinimumVisualStudioVersion = 10.0.40219.1
Project("{2150E333-8FDC-42A3-9474-1A3956D46DE8}") = "src", "src", "{CE254709-84B3-44EB-9F22-2D936267E3E5}"
EndProject
Project("{2150E333-8FDC-42A3-9474-1A3956D46DE8}") = "ApiGateway", "ApiGateway", "{66530CF3-E2C7-467F-94CB-01A8816C3A18}"
EndProject
Project("{2150E333-8FDC-42A3-9474-1A3956D46DE8}") = "Services", "Services", "{957E251B-4873-44FF-BD93-F8A7194A627C}"
EndProject
Project("{2150E333-8FDC-42A3-9474-1A3956D46DE8}") = "BuildingBlocks", "BuildingBlocks", "{781358EE-8B4A-45ED-A3DA-C27B80EBE7A0}"
EndProject
Project("{2150E333-8FDC-42A3-9474-1A3956D46DE8}") = "Aspire", "Aspire", "{ABDD1240-C4D8-41BB-BF68-FB8162D1E3C7}"
EndProject
Project("{FAE04EC0-301F-11D3-BF4B-00C04F79EFBC}") = "ApiGateway", "src\ApiGateway\src\ApiGateway.csproj", "{BE5CB6EE-0266-451D-ABD7-648EB2F0B95A}"
EndProject
Project("{2150E333-8FDC-42A3-9474-1A3956D46DE8}") = "src", "src", "{B0D891AA-1913-44B5-970E-DCB5177A7AA5}"
EndProject
Project("{2150E333-8FDC-42A3-9474-1A3956D46DE8}") = "src", "src", "{59667B84-5F38-4C58-A500-D41DC8BD2490}"
EndProject
Project("{2150E333-8FDC-42A3-9474-1A3956D46DE8}") = "AppHost", "AppHost", "{E8D60505-22D6-4A0C-A2A6-7053DBFE457D}"
EndProject
Project("{2150E333-8FDC-42A3-9474-1A3956D46DE8}") = "ServiceDefaults", "ServiceDefaults", "{00DE35D8-ADEE-46E2-B46E-28B35FFC361E}"
EndProject
Project("{FAE04EC0-301F-11D3-BF4B-00C04F79EFBC}") = "BuildingBlocks", "src\BuildingBlocks\BuildingBlocks.csproj", "{CCF4CDA1-1DC6-4B6C-91E2-3419E56913A0}"
EndProject
Project("{FAE04EC0-301F-11D3-BF4B-00C04F79EFBC}") = "AppHost", "src\Aspire\src\AppHost\AppHost.csproj", "{702854F9-D24E-4FDD-B7E7-7557FE73CE38}"
EndProject
Project("{FAE04EC0-301F-11D3-BF4B-00C04F79EFBC}") = "ServiceDefaults", "src\Aspire\src\ServiceDefaults\ServiceDefaults.csproj", "{526F815B-DCFA-451A-A5F0-FB518BD3DFFC}"
EndProject
Project("{2150E333-8FDC-42A3-9474-1A3956D46DE8}") = "Basket", "Basket", "{72FC0458-9B3C-4523-8BA5-30CC7DA66D0F}"
EndProject
Project("{2150E333-8FDC-42A3-9474-1A3956D46DE8}") = "Catalog", "Catalog", "{745C2355-BAB6-49B7-9DB9-D8BAC799CCD1}"
EndProject
Project("{2150E333-8FDC-42A3-9474-1A3956D46DE8}") = "src", "src", "{13EC5ED4-D7E8-4086-ABEE-E94C4A75D615}"
EndProject
Project("{2150E333-8FDC-42A3-9474-1A3956D46DE8}") = "tests", "tests", "{7E402A35-E3BA-4A38-8557-43E9350A6143}"
EndProject
Project("{2150E333-8FDC-42A3-9474-1A3956D46DE8}") = "src", "src", "{40DDE82F-6AE0-494E-8652-54A0741E5653}"
EndProject
Project("{2150E333-8FDC-42A3-9474-1A3956D46DE8}") = "tests", "tests", "{D7A234F9-8D1C-4827-A48F-B290EB19AB35}"
EndProject
Project("{FAE04EC0-301F-11D3-BF4B-00C04F79EFBC}") = "Basket", "src\Services\Basket\src\Basket.csproj", "{376A071A-3C31-4E8F-BB1A-C1219829F199}"
EndProject
Project("{FAE04EC0-301F-11D3-BF4B-00C04F79EFBC}") = "Catalog", "src\Services\Catalog\src\Catalog.csproj", "{988CDDC3-74FF-4095-8F49-5D6E2C8D2F08}"
EndProject
Project("{2150E333-8FDC-42A3-9474-1A3956D46DE8}") = "Order", "Order", "{9F6D5237-7CC3-453D-A4F7-F786B5D93955}"
EndProject
Project("{2150E333-8FDC-42A3-9474-1A3956D46DE8}") = "src", "src", "{F543678D-1CA8-41FE-9738-EDA63DD18B5C}"
EndProject
Project("{2150E333-8FDC-42A3-9474-1A3956D46DE8}") = "tests", "tests", "{EF2912F6-707A-4197-9CE0-D9EC067903AB}"
EndProject
Project("{FAE04EC0-301F-11D3-BF4B-00C04F79EFBC}") = "Order", "src\Services\Order\src\Order.csproj", "{DAC77A75-0DD1-431B-92E7-C3D116CB9452}"
EndProject
Global
	GlobalSection(SolutionConfigurationPlatforms) = preSolution
		Debug|Any CPU = Debug|Any CPU
		Release|Any CPU = Release|Any CPU
	EndGlobalSection
	GlobalSection(SolutionProperties) = preSolution
		HideSolutionNode = FALSE
	EndGlobalSection
	GlobalSection(NestedProjects) = preSolution
		{66530CF3-E2C7-467F-94CB-01A8816C3A18} = {CE254709-84B3-44EB-9F22-2D936267E3E5}
		{957E251B-4873-44FF-BD93-F8A7194A627C} = {CE254709-84B3-44EB-9F22-2D936267E3E5}
		{781358EE-8B4A-45ED-A3DA-C27B80EBE7A0} = {CE254709-84B3-44EB-9F22-2D936267E3E5}
		{ABDD1240-C4D8-41BB-BF68-FB8162D1E3C7} = {CE254709-84B3-44EB-9F22-2D936267E3E5}
		{B0D891AA-1913-44B5-970E-DCB5177A7AA5} = {66530CF3-E2C7-467F-94CB-01A8816C3A18}
		{BE5CB6EE-0266-451D-ABD7-648EB2F0B95A} = {B0D891AA-1913-44B5-970E-DCB5177A7AA5}
		{59667B84-5F38-4C58-A500-D41DC8BD2490} = {ABDD1240-C4D8-41BB-BF68-FB8162D1E3C7}
		{E8D60505-22D6-4A0C-A2A6-7053DBFE457D} = {59667B84-5F38-4C58-A500-D41DC8BD2490}
		{00DE35D8-ADEE-46E2-B46E-28B35FFC361E} = {59667B84-5F38-4C58-A500-D41DC8BD2490}
		{CCF4CDA1-1DC6-4B6C-91E2-3419E56913A0} = {781358EE-8B4A-45ED-A3DA-C27B80EBE7A0}
		{702854F9-D24E-4FDD-B7E7-7557FE73CE38} = {E8D60505-22D6-4A0C-A2A6-7053DBFE457D}
		{526F815B-DCFA-451A-A5F0-FB518BD3DFFC} = {00DE35D8-ADEE-46E2-B46E-28B35FFC361E}
		{72FC0458-9B3C-4523-8BA5-30CC7DA66D0F} = {957E251B-4873-44FF-BD93-F8A7194A627C}
		{745C2355-BAB6-49B7-9DB9-D8BAC799CCD1} = {957E251B-4873-44FF-BD93-F8A7194A627C}
		{13EC5ED4-D7E8-4086-ABEE-E94C4A75D615} = {72FC0458-9B3C-4523-8BA5-30CC7DA66D0F}
		{7E402A35-E3BA-4A38-8557-43E9350A6143} = {72FC0458-9B3C-4523-8BA5-30CC7DA66D0F}
		{40DDE82F-6AE0-494E-8652-54A0741E5653} = {745C2355-BAB6-49B7-9DB9-D8BAC799CCD1}
		{D7A234F9-8D1C-4827-A48F-B290EB19AB35} = {745C2355-BAB6-49B7-9DB9-D8BAC799CCD1}
		{376A071A-3C31-4E8F-BB1A-C1219829F199} = {13EC5ED4-D7E8-4086-ABEE-E94C4A75D615}
		{988CDDC3-74FF-4095-8F49-5D6E2C8D2F08} = {40DDE82F-6AE0-494E-8652-54A0741E5653}
		{9F6D5237-7CC3-453D-A4F7-F786B5D93955} = {957E251B-4873-44FF-BD93-F8A7194A627C}
		{F543678D-1CA8-41FE-9738-EDA63DD18B5C} = {9F6D5237-7CC3-453D-A4F7-F786B5D93955}
		{EF2912F6-707A-4197-9CE0-D9EC067903AB} = {9F6D5237-7CC3-453D-A4F7-F786B5D93955}
		{DAC77A75-0DD1-431B-92E7-C3D116CB9452} = {F543678D-1CA8-41FE-9738-EDA63DD18B5C}
	EndGlobalSection
	GlobalSection(ProjectConfigurationPlatforms) = postSolution
		{BE5CB6EE-0266-451D-ABD7-648EB2F0B95A}.Debug|Any CPU.ActiveCfg = Debug|Any CPU
		{BE5CB6EE-0266-451D-ABD7-648EB2F0B95A}.Debug|Any CPU.Build.0 = Debug|Any CPU
		{BE5CB6EE-0266-451D-ABD7-648EB2F0B95A}.Release|Any CPU.ActiveCfg = Release|Any CPU
		{BE5CB6EE-0266-451D-ABD7-648EB2F0B95A}.Release|Any CPU.Build.0 = Release|Any CPU
		{CCF4CDA1-1DC6-4B6C-91E2-3419E56913A0}.Debug|Any CPU.ActiveCfg = Debug|Any CPU
		{CCF4CDA1-1DC6-4B6C-91E2-3419E56913A0}.Debug|Any CPU.Build.0 = Debug|Any CPU
		{CCF4CDA1-1DC6-4B6C-91E2-3419E56913A0}.Release|Any CPU.ActiveCfg = Release|Any CPU
		{CCF4CDA1-1DC6-4B6C-91E2-3419E56913A0}.Release|Any CPU.Build.0 = Release|Any CPU
		{702854F9-D24E-4FDD-B7E7-7557FE73CE38}.Debug|Any CPU.ActiveCfg = Debug|Any CPU
		{702854F9-D24E-4FDD-B7E7-7557FE73CE38}.Debug|Any CPU.Build.0 = Debug|Any CPU
		{702854F9-D24E-4FDD-B7E7-7557FE73CE38}.Release|Any CPU.ActiveCfg = Release|Any CPU
		{702854F9-D24E-4FDD-B7E7-7557FE73CE38}.Release|Any CPU.Build.0 = Release|Any CPU
		{526F815B-DCFA-451A-A5F0-FB518BD3DFFC}.Debug|Any CPU.ActiveCfg = Debug|Any CPU
		{526F815B-DCFA-451A-A5F0-FB518BD3DFFC}.Debug|Any CPU.Build.0 = Debug|Any CPU
		{526F815B-DCFA-451A-A5F0-FB518BD3DFFC}.Release|Any CPU.ActiveCfg = Release|Any CPU
		{526F815B-DCFA-451A-A5F0-FB518BD3DFFC}.Release|Any CPU.Build.0 = Release|Any CPU
		{376A071A-3C31-4E8F-BB1A-C1219829F199}.Debug|Any CPU.ActiveCfg = Debug|Any CPU
		{376A071A-3C31-4E8F-BB1A-C1219829F199}.Debug|Any CPU.Build.0 = Debug|Any CPU
		{376A071A-3C31-4E8F-BB1A-C1219829F199}.Release|Any CPU.ActiveCfg = Release|Any CPU
		{376A071A-3C31-4E8F-BB1A-C1219829F199}.Release|Any CPU.Build.0 = Release|Any CPU
		{988CDDC3-74FF-4095-8F49-5D6E2C8D2F08}.Debug|Any CPU.ActiveCfg = Debug|Any CPU
		{988CDDC3-74FF-4095-8F49-5D6E2C8D2F08}.Debug|Any CPU.Build.0 = Debug|Any CPU
		{988CDDC3-74FF-4095-8F49-5D6E2C8D2F08}.Release|Any CPU.ActiveCfg = Release|Any CPU
		{988CDDC3-74FF-4095-8F49-5D6E2C8D2F08}.Release|Any CPU.Build.0 = Release|Any CPU
		{DAC77A75-0DD1-431B-92E7-C3D116CB9452}.Debug|Any CPU.ActiveCfg = Debug|Any CPU
		{DAC77A75-0DD1-431B-92E7-C3D116CB9452}.Debug|Any CPU.Build.0 = Debug|Any CPU
		{DAC77A75-0DD1-431B-92E7-C3D116CB9452}.Release|Any CPU.ActiveCfg = Release|Any CPU
		{DAC77A75-0DD1-431B-92E7-C3D116CB9452}.Release|Any CPU.Build.0 = Release|Any CPU
	EndGlobalSection
EndGlobal
